
Microsoft Visual Studio Solution File, Format Version 12.00
# Visual Studio Version 17
VisualStudioVersion = 17.7.34031.279
MinimumVisualStudioVersion = 10.0.40219.1
Project("{FAE04EC0-301F-11D3-BF4B-00C04F79EFBC}") = "SlipperProduction", "SlipperProduction\SlipperProduction.csproj", "{533FF4DF-EBBF-440D-8446-104ECF6B5767}"
EndProject
Global
	GlobalSection(SolutionConfigurationPlatforms) = preSolution
		Debug|Any CPU = Debug|Any CPU
		Release|Any CPU = Release|Any CPU
	EndGlobalSection
	GlobalSection(ProjectConfigurationPlatforms) = postSolution
		{533FF4DF-EBBF-440D-8446-104ECF6B5767}.Debug|Any CPU.ActiveCfg = Debug|Any CPU
		{533FF4DF-EBBF-440D-8446-104ECF6B5767}.Debug|Any CPU.Build.0 = Debug|Any CPU
		{533FF4DF-EBBF-440D-8446-104ECF6B5767}.Release|Any CPU.ActiveCfg = Release|Any CPU
		{533FF4DF-EBBF-440D-8446-104ECF6B5767}.Release|Any CPU.Build.0 = Release|Any CPU
	EndGlobalSection
	GlobalSection(SolutionProperties) = preSolution
		HideSolutionNode = FALSE
	EndGlobalSection
	GlobalSection(ExtensibilityGlobals) = postSolution
		SolutionGuid = {1E910FB0-7308-48F4-B0A8-8FF61CC555FE}
	EndGlobalSection
EndGlobal
